// !$*UTF8*$!
{
	archiveVersion = 1;
	classes = {
	};
	objectVersion = 55;
	objects = {

/* Begin PBXBuildFile section */
		F0EA9EB328B9D57800DCA175 /* Sample_01App.swift in Sources */ = {isa = PBXBuildFile; fileRef = F0EA9EB228B9D57800DCA175 /* Sample_01App.swift */; };
		F0EA9EB528B9D57800DCA175 /* ContentView.swift in Sources */ = {isa = PBXBuildFile; fileRef = F0EA9EB428B9D57800DCA175 /* ContentView.swift */; };
		F0EA9EB728B9D57A00DCA175 /* Assets.xcassets in Resources */ = {isa = PBXBuildFile; fileRef = F0EA9EB628B9D57A00DCA175 /* Assets.xcassets */; };
		F0EA9EBA28B9D57A00DCA175 /* Preview Assets.xcassets in Resources */ = {isa = PBXBuildFile; fileRef = F0EA9EB928B9D57A00DCA175 /* Preview Assets.xcassets */; };
		F0EA9EC428B9D57A00DCA175 /* Sample_01Tests.swift in Sources */ = {isa = PBXBuildFile; fileRef = F0EA9EC328B9D57A00DCA175 /* Sample_01Tests.swift */; };
		F0EA9ECE28B9D57A00DCA175 /* Sample_01UITests.swift in Sources */ = {isa = PBXBuildFile; fileRef = F0EA9ECD28B9D57A00DCA175 /* Sample_01UITests.swift */; };
		F0EA9ED028B9D57A00DCA175 /* Sample_01UITestsLaunchTests.swift in Sources */ = {isa = PBXBuildFile; fileRef = F0EA9ECF28B9D57A00DCA175 /* Sample_01UITestsLaunchTests.swift */; };
/* End PBXBuildFile section */

/* Begin PBXContainerItemProxy section */
		F0EA9EC028B9D57A00DCA175 /* PBXContainerItemProxy */ = {
			isa = PBXContainerItemProxy;
			containerPortal = F0EA9EA728B9D57800DCA175 /* Project object */;
			proxyType = 1;
			remoteGlobalIDString = F0EA9EAE28B9D57800DCA175;
			remoteInfo = Sample_01;
		};
		F0EA9ECA28B9D57A00DCA175 /* PBXContainerItemProxy */ = {
			isa = PBXContainerItemProxy;
			containerPortal = F0EA9EA728B9D57800DCA175 /* Project object */;
			proxyType = 1;
			remoteGlobalIDString = F0EA9EAE28B9D57800DCA175;
			remoteInfo = Sample_01;
		};
/* End PBXContainerItemProxy section */

/* Begin PBXFileReference section */
		F0EA9EAF28B9D57800DCA175 /* Sample_01.app */ = {isa = PBXFileReference; explicitFileType = wrapper.application; includeInIndex = 0; path = Sample_01.app; sourceTree = BUILT_PRODUCTS_DIR; };
		F0EA9EB228B9D57800DCA175 /* Sample_01App.swift */ = {isa = PBXFileReference; lastKnownFileType = sourcecode.swift; path = Sample_01App.swift; sourceTree = "<group>"; };
		F0EA9EB428B9D57800DCA175 /* ContentView.swift */ = {isa = PBXFileReference; lastKnownFileType = sourcecode.swift; path = ContentView.swift; sourceTree = "<group>"; };
		F0EA9EB628B9D57A00DCA175 /* Assets.xcassets */ = {isa = PBXFileReference; lastKnownFileType = folder.assetcatalog; path = Assets.xcassets; sourceTree = "<group>"; };
		F0EA9EB928B9D57A00DCA175 /* Preview Assets.xcassets */ = {isa = PBXFileReference; lastKnownFileType = folder.assetcatalog; path = "Preview Assets.xcassets"; sourceTree = "<group>"; };
		F0EA9EBF28B9D57A00DCA175 /* Sample_01Tests.xctest */ = {isa = PBXFileReference; explicitFileType = wrapper.cfbundle; includeInIndex = 0; path = Sample_01Tests.xctest; sourceTree = BUILT_PRODUCTS_DIR; };
		F0EA9EC328B9D57A00DCA175 /* Sample_01Tests.swift */ = {isa = PBXFileReference; lastKnownFileType = sourcecode.swift; path = Sample_01Tests.swift; sourceTree = "<group>"; };
		F0EA9EC928B9D57A00DCA175 /* Sample_01UITests.xctest */ = {isa = PBXFileReference; explicitFileType = wrapper.cfbundle; includeInIndex = 0; path = Sample_01UITests.xctest; sourceTree = BUILT_PRODUCTS_DIR; };
		F0EA9ECD28B9D57A00DCA175 /* Sample_01UITests.swift */ = {isa = PBXFileReference; lastKnownFileType = sourcecode.swift; path = Sample_01UITests.swift; sourceTree = "<group>"; };
		F0EA9ECF28B9D57A00DCA175 /* Sample_01UITestsLaunchTests.swift */ = {isa = PBXFileReference; lastKnownFileType = sourcecode.swift; path = Sample_01UITestsLaunchTests.swift; sourceTree = "<group>"; };
/* End PBXFileReference section */

/* Begin PBXFrameworksBuildPhase section */
		F0EA9EAC28B9D57800DCA175 /* Frameworks */ = {
			isa = PBXFrameworksBuildPhase;
			buildActionMask = 2147483647;
			files = (
			);
			runOnlyForDeploymentPostprocessing = 0;
		};
		F0EA9EBC28B9D57A00DCA175 /* Frameworks */ = {
			isa = PBXFrameworksBuildPhase;
			buildActionMask = 2147483647;
			files = (
			);
			runOnlyForDeploymentPostprocessing = 0;
		};
		F0EA9EC628B9D57A00DCA175 /* Frameworks */ = {
			isa = PBXFrameworksBuildPhase;
			buildActionMask = 2147483647;
			files = (
			);
			runOnlyForDeploymentPostprocessing = 0;
		};
/* End PBXFrameworksBuildPhase section */

/* Begin PBXGroup section */
		F0EA9EA628B9D57800DCA175 = {
			isa = PBXGroup;
			children = (
				F0EA9EB128B9D57800DCA175 /* Sample_01 */,
				F0EA9EC228B9D57A00DCA175 /* Sample_01Tests */,
				F0EA9ECC28B9D57A00DCA175 /* Sample_01UITests */,
				F0EA9EB028B9D57800DCA175 /* Products */,
			);
			sourceTree = "<group>";
		};
		F0EA9EB028B9D57800DCA175 /* Products */ = {
			isa = PBXGroup;
			children = (
				F0EA9EAF28B9D57800DCA175 /* Sample_01.app */,
				F0EA9EBF28B9D57A00DCA175 /* Sample_01Tests.xctest */,
				F0EA9EC928B9D57A00DCA175 /* Sample_01UITests.xctest */,
			);
			name = Products;
			sourceTree = "<group>";
		};
		F0EA9EB128B9D57800DCA175 /* Sample_01 */ = {
			isa = PBXGroup;
			children = (
				F0EA9EB228B9D57800DCA175 /* Sample_01App.swift */,
				F0EA9EB428B9D57800DCA175 /* ContentView.swift */,
				F0EA9EB628B9D57A00DCA175 /* Assets.xcassets */,
				F0EA9EB828B9D57A00DCA175 /* Preview Content */,
			);
			path = Sample_01;
			sourceTree = "<group>";
		};
		F0EA9EB828B9D57A00DCA175 /* Preview Content */ = {
			isa = PBXGroup;
			children = (
				F0EA9EB928B9D57A00DCA175 /* Preview Assets.xcassets */,
			);
			path = "Preview Content";
			sourceTree = "<group>";
		};
		F0EA9EC228B9D57A00DCA175 /* Sample_01Tests */ = {
			isa = PBXGroup;
			children = (
				F0EA9EC328B9D57A00DCA175 /* Sample_01Tests.swift */,
			);
			path = Sample_01Tests;
			sourceTree = "<group>";
		};
		F0EA9ECC28B9D57A00DCA175 /* Sample_01UITests */ = {
			isa = PBXGroup;
			children = (
				F0EA9ECD28B9D57A00DCA175 /* Sample_01UITests.swift */,
				F0EA9ECF28B9D57A00DCA175 /* Sample_01UITestsLaunchTests.swift */,
			);
			path = Sample_01UITests;
			sourceTree = "<group>";
		};
/* End PBXGroup section */

/* Begin PBXNativeTarget section */
		F0EA9EAE28B9D57800DCA175 /* Sample_01 */ = {
			isa = PBXNativeTarget;
			buildConfigurationList = F0EA9ED328B9D57A00DCA175 /* Build configuration list for PBXNativeTarget "Sample_01" */;
			buildPhases = (
				F0EA9EAB28B9D57800DCA175 /* Sources */,
				F0EA9EAC28B9D57800DCA175 /* Frameworks */,
				F0EA9EAD28B9D57800DCA175 /* Resources */,
			);
			buildRules = (
			);
			dependencies = (
			);
			name = Sample_01;
			productName = Sample_01;
			productReference = F0EA9EAF28B9D57800DCA175 /* Sample_01.app */;
			productType = "com.apple.product-type.application";
		};
		F0EA9EBE28B9D57A00DCA175 /* Sample_01Tests */ = {
			isa = PBXNativeTarget;
			buildConfigurationList = F0EA9ED628B9D57A00DCA175 /* Build configuration list for PBXNativeTarget "Sample_01Tests" */;
			buildPhases = (
				F0EA9EBB28B9D57A00DCA175 /* Sources */,
				F0EA9EBC28B9D57A00DCA175 /* Frameworks */,
				F0EA9EBD28B9D57A00DCA175 /* Resources */,
			);
			buildRules = (
			);
			dependencies = (
				F0EA9EC128B9D57A00DCA175 /* PBXTargetDependency */,
			);
			name = Sample_01Tests;
			productName = Sample_01Tests;
			productReference = F0EA9EBF28B9D57A00DCA175 /* Sample_01Tests.xctest */;
			productType = "com.apple.product-type.bundle.unit-test";
		};
		F0EA9EC828B9D57A00DCA175 /* Sample_01UITests */ = {
			isa = PBXNativeTarget;
			buildConfigurationList = F0EA9ED928B9D57A00DCA175 /* Build configuration list for PBXNativeTarget "Sample_01UITests" */;
			buildPhases = (
				F0EA9EC528B9D57A00DCA175 /* Sources */,
				F0EA9EC628B9D57A00DCA175 /* Frameworks */,
				F0EA9EC728B9D57A00DCA175 /* Resources */,
			);
			buildRules = (
			);
			dependencies = (
				F0EA9ECB28B9D57A00DCA175 /* PBXTargetDependency */,
			);
			name = Sample_01UITests;
			productName = Sample_01UITests;
			productReference = F0EA9EC928B9D57A00DCA175 /* Sample_01UITests.xctest */;
			productType = "com.apple.product-type.bundle.ui-testing";
		};
/* End PBXNativeTarget section */

/* Begin PBXProject section */
		F0EA9EA728B9D57800DCA175 /* Project object */ = {
			isa = PBXProject;
			attributes = {
				BuildIndependentTargetsInParallel = 1;
				LastSwiftUpdateCheck = 1340;
				LastUpgradeCheck = 1340;
				TargetAttributes = {
					F0EA9EAE28B9D57800DCA175 = {
						CreatedOnToolsVersion = 13.4.1;
					};
					F0EA9EBE28B9D57A00DCA175 = {
						CreatedOnToolsVersion = 13.4.1;
						TestTargetID = F0EA9EAE28B9D57800DCA175;
					};
					F0EA9EC828B9D57A00DCA175 = {
						CreatedOnToolsVersion = 13.4.1;
						TestTargetID = F0EA9EAE28B9D57800DCA175;
					};
				};
			};
			buildConfigurationList = F0EA9EAA28B9D57800DCA175 /* Build configuration list for PBXProject "Sample_01" */;
			compatibilityVersion = "Xcode 13.0";
			developmentRegion = en;
			hasScannedForEncodings = 0;
			knownRegions = (
				en,
				Base,
			);
			mainGroup = F0EA9EA628B9D57800DCA175;
			productRefGroup = F0EA9EB028B9D57800DCA175 /* Products */;
			projectDirPath = "";
			projectRoot = "";
			targets = (
				F0EA9EAE28B9D57800DCA175 /* Sample_01 */,
				F0EA9EBE28B9D57A00DCA175 /* Sample_01Tests */,
				F0EA9EC828B9D57A00DCA175 /* Sample_01UITests */,
			);
		};
/* End PBXProject section */

/* Begin PBXResourcesBuildPhase section */
		F0EA9EAD28B9D57800DCA175 /* Resources */ = {
			isa = PBXResourcesBuildPhase;
			buildActionMask = 2147483647;
			files = (
				F0EA9EBA28B9D57A00DCA175 /* Preview Assets.xcassets in Resources */,
				F0EA9EB728B9D57A00DCA175 /* Assets.xcassets in Resources */,
			);
			runOnlyForDeploymentPostprocessing = 0;
		};
		F0EA9EBD28B9D57A00DCA175 /* Resources */ = {
			isa = PBXResourcesBuildPhase;
			buildActionMask = 2147483647;
			files = (
			);
			runOnlyForDeploymentPostprocessing = 0;
		};
		F0EA9EC728B9D57A00DCA175 /* Resources */ = {
			isa = PBXResourcesBuildPhase;
			buildActionMask = 2147483647;
			files = (
			);
			runOnlyForDeploymentPostprocessing = 0;
		};
/* End PBXResourcesBuildPhase section */

/* Begin PBXSourcesBuildPhase section */
		F0EA9EAB28B9D57800DCA175 /* Sources */ = {
			isa = PBXSourcesBuildPhase;
			buildActionMask = 2147483647;
			files = (
				F0EA9EB528B9D57800DCA175 /* ContentView.swift in Sources */,
				F0EA9EB328B9D57800DCA175 /* Sample_01App.swift in Sources */,
			);
			runOnlyForDeploymentPostprocessing = 0;
		};
		F0EA9EBB28B9D57A00DCA175 /* Sources */ = {
			isa = PBXSourcesBuildPhase;
			buildActionMask = 2147483647;
			files = (
				F0EA9EC428B9D57A00DCA175 /* Sample_01Tests.swift in Sources */,
			);
			runOnlyForDeploymentPostprocessing = 0;
		};
		F0EA9EC528B9D57A00DCA175 /* Sources */ = {
			isa = PBXSourcesBuildPhase;
			buildActionMask = 2147483647;
			files = (
				F0EA9ECE28B9D57A00DCA175 /* Sample_01UITests.swift in Sources */,
				F0EA9ED028B9D57A00DCA175 /* Sample_01UITestsLaunchTests.swift in Sources */,
			);
			runOnlyForDeploymentPostprocessing = 0;
		};
/* End PBXSourcesBuildPhase section */

/* Begin PBXTargetDependency section */
		F0EA9EC128B9D57A00DCA175 /* PBXTargetDependency */ = {
			isa = PBXTargetDependency;
			target = F0EA9EAE28B9D57800DCA175 /* Sample_01 */;
			targetProxy = F0EA9EC028B9D57A00DCA175 /* PBXContainerItemProxy */;
		};
		F0EA9ECB28B9D57A00DCA175 /* PBXTargetDependency */ = {
			isa = PBXTargetDependency;
			target = F0EA9EAE28B9D57800DCA175 /* Sample_01 */;
			targetProxy = F0EA9ECA28B9D57A00DCA175 /* PBXContainerItemProxy */;
		};
/* End PBXTargetDependency section */

/* Begin XCBuildConfiguration section */
		F0EA9ED128B9D57A00DCA175 /* Debug */ = {
			isa = XCBuildConfiguration;
			buildSettings = {
				ALWAYS_SEARCH_USER_PATHS = NO;
				CLANG_ANALYZER_NONNULL = YES;
				CLANG_ANALYZER_NUMBER_OBJECT_CONVERSION = YES_AGGRESSIVE;
				CLANG_CXX_LANGUAGE_STANDARD = "gnu++17";
				CLANG_ENABLE_MODULES = YES;
				CLANG_ENABLE_OBJC_ARC = YES;
				CLANG_ENABLE_OBJC_WEAK = YES;
				CLANG_WARN_BLOCK_CAPTURE_AUTORELEASING = YES;
				CLANG_WARN_BOOL_CONVERSION = YES;
				CLANG_WARN_COMMA = YES;
				CLANG_WARN_CONSTANT_CONVERSION = YES;
				CLANG_WARN_DEPRECATED_OBJC_IMPLEMENTATIONS = YES;
				CLANG_WARN_DIRECT_OBJC_ISA_USAGE = YES_ERROR;
				CLANG_WARN_DOCUMENTATION_COMMENTS = YES;
				CLANG_WARN_EMPTY_BODY = YES;
				CLANG_WARN_ENUM_CONVERSION = YES;
				CLANG_WARN_INFINITE_RECURSION = YES;
				CLANG_WARN_INT_CONVERSION = YES;
				CLANG_WARN_NON_LITERAL_NULL_CONVERSION = YES;
				CLANG_WARN_OBJC_IMPLICIT_RETAIN_SELF = YES;
				CLANG_WARN_OBJC_LITERAL_CONVERSION = YES;
				CLANG_WARN_OBJC_ROOT_CLASS = YES_ERROR;
				CLANG_WARN_QUOTED_INCLUDE_IN_FRAMEWORK_HEADER = YES;
				CLANG_WARN_RANGE_LOOP_ANALYSIS = YES;
				CLANG_WARN_STRICT_PROTOTYPES = YES;
				CLANG_WARN_SUSPICIOUS_MOVE = YES;
				CLANG_WARN_UNGUARDED_AVAILABILITY = YES_AGGRESSIVE;
				CLANG_WARN_UNREACHABLE_CODE = YES;
				CLANG_WARN__DUPLICATE_METHOD_MATCH = YES;
				COPY_PHASE_STRIP = NO;
				DEBUG_INFORMATION_FORMAT = dwarf;
				ENABLE_STRICT_OBJC_MSGSEND = YES;
				ENABLE_TESTABILITY = YES;
				GCC_C_LANGUAGE_STANDARD = gnu11;
				GCC_DYNAMIC_NO_PIC = NO;
				GCC_NO_COMMON_BLOCKS = YES;
				GCC_OPTIMIZATION_LEVEL = 0;
				GCC_PREPROCESSOR_DEFINITIONS = (
					"DEBUG=1",
					"$(inherited)",
				);
				GCC_WARN_64_TO_32_BIT_CONVERSION = YES;
				GCC_WARN_ABOUT_RETURN_TYPE = YES_ERROR;
				GCC_WARN_UNDECLARED_SELECTOR = YES;
				GCC_WARN_UNINITIALIZED_AUTOS = YES_AGGRESSIVE;
				GCC_WARN_UNUSED_FUNCTION = YES;
				GCC_WARN_UNUSED_VARIABLE = YES;
				IPHONEOS_DEPLOYMENT_TARGET = 15.5;
				MTL_ENABLE_DEBUG_INFO = INCLUDE_SOURCE;
				MTL_FAST_MATH = YES;
				ONLY_ACTIVE_ARCH = YES;
				SDKROOT = iphoneos;
				SWIFT_ACTIVE_COMPILATION_CONDITIONS = DEBUG;
				SWIFT_OPTIMIZATION_LEVEL = "-Onone";
			};
			name = Debug;
		};
		F0EA9ED228B9D57A00DCA175 /* Release */ = {
			isa = XCBuildConfiguration;
			buildSettings = {
				ALWAYS_SEARCH_USER_PATHS = NO;
				CLANG_ANALYZER_NONNULL = YES;
				CLANG_ANALYZER_NUMBER_OBJECT_CONVERSION = YES_AGGRESSIVE;
				CLANG_CXX_LANGUAGE_STANDARD = "gnu++17";
				CLANG_ENABLE_MODULES = YES;
				CLANG_ENABLE_OBJC_ARC = YES;
				CLANG_ENABLE_OBJC_WEAK = YES;
				CLANG_WARN_BLOCK_CAPTURE_AUTORELEASING = YES;
				CLANG_WARN_BOOL_CONVERSION = YES;
				CLANG_WARN_COMMA = YES;
				CLANG_WARN_CONSTANT_CONVERSION = YES;
				CLANG_WARN_DEPRECATED_OBJC_IMPLEMENTATIONS = YES;
				CLANG_WARN_DIRECT_OBJC_ISA_USAGE = YES_ERROR;
				CLANG_WARN_DOCUMENTATION_COMMENTS = YES;
				CLANG_WARN_EMPTY_BODY = YES;
				CLANG_WARN_ENUM_CONVERSION = YES;
				CLANG_WARN_INFINITE_RECURSION = YES;
				CLANG_WARN_INT_CONVERSION = YES;
				CLANG_WARN_NON_LITERAL_NULL_CONVERSION = YES;
				CLANG_WARN_OBJC_IMPLICIT_RETAIN_SELF = YES;
				CLANG_WARN_OBJC_LITERAL_CONVERSION = YES;
				CLANG_WARN_OBJC_ROOT_CLASS = YES_ERROR;
				CLANG_WARN_QUOTED_INCLUDE_IN_FRAMEWORK_HEADER = YES;
				CLANG_WARN_RANGE_LOOP_ANALYSIS = YES;
				CLANG_WARN_STRICT_PROTOTYPES = YES;
				CLANG_WARN_SUSPICIOUS_MOVE = YES;
				CLANG_WARN_UNGUARDED_AVAILABILITY = YES_AGGRESSIVE;
				CLANG_WARN_UNREACHABLE_CODE = YES;
				CLANG_WARN__DUPLICATE_METHOD_MATCH = YES;
				COPY_PHASE_STRIP = NO;
				DEBUG_INFORMATION_FORMAT = "dwarf-with-dsym";
				ENABLE_NS_ASSERTIONS = NO;
				ENABLE_STRICT_OBJC_MSGSEND = YES;
				GCC_C_LANGUAGE_STANDARD = gnu11;
				GCC_NO_COMMON_BLOCKS = YES;
				GCC_WARN_64_TO_32_BIT_CONVERSION = YES;
				GCC_WARN_ABOUT_RETURN_TYPE = YES_ERROR;
				GCC_WARN_UNDECLARED_SELECTOR = YES;
				GCC_WARN_UNINITIALIZED_AUTOS = YES_AGGRESSIVE;
				GCC_WARN_UNUSED_FUNCTION = YES;
				GCC_WARN_UNUSED_VARIABLE = YES;
				IPHONEOS_DEPLOYMENT_TARGET = 15.5;
				MTL_ENABLE_DEBUG_INFO = NO;
				MTL_FAST_MATH = YES;
				SDKROOT = iphoneos;
				SWIFT_COMPILATION_MODE = wholemodule;
				SWIFT_OPTIMIZATION_LEVEL = "-O";
				VALIDATE_PRODUCT = YES;
			};
			name = Release;
		};
		F0EA9ED428B9D57A00DCA175 /* Debug */ = {
			isa = XCBuildConfiguration;
			buildSettings = {
				ASSETCATALOG_COMPILER_APPICON_NAME = AppIcon;
				ASSETCATALOG_COMPILER_GLOBAL_ACCENT_COLOR_NAME = AccentColor;
				CODE_SIGN_STYLE = Automatic;
				CURRENT_PROJECT_VERSION = 1;
				DEVELOPMENT_ASSET_PATHS = "\"Sample_01/Preview Content\"";
				DEVELOPMENT_TEAM = 8UV3Y69NB7;
				ENABLE_PREVIEWS = YES;
				GENERATE_INFOPLIST_FILE = YES;
				INFOPLIST_KEY_UIApplicationSceneManifest_Generation = YES;
				INFOPLIST_KEY_UIApplicationSupportsIndirectInputEvents = YES;
				INFOPLIST_KEY_UILaunchScreen_Generation = YES;
				INFOPLIST_KEY_UISupportedInterfaceOrientations_iPad = "UIInterfaceOrientationPortrait UIInterfaceOrientationPortraitUpsideDown UIInterfaceOrientationLandscapeLeft UIInterfaceOrientationLandscapeRight";
				INFOPLIST_KEY_UISupportedInterfaceOrientations_iPhone = "UIInterfaceOrientationPortrait UIInterfaceOrientationLandscapeLeft UIInterfaceOrientationLandscapeRight";
				LD_RUNPATH_SEARCH_PATHS = (
					"$(inherited)",
					"@executable_path/Frameworks",
				);
				MARKETING_VERSION = 1.0;
				PRODUCT_BUNDLE_IDENTIFIER = "gaeng2y.Sample-01";
				PRODUCT_NAME = "$(TARGET_NAME)";
				SWIFT_EMIT_LOC_STRINGS = YES;
				SWIFT_VERSION = 5.0;
				TARGETED_DEVICE_FAMILY = "1,2";
			};
			name = Debug;
		};
		F0EA9ED528B9D57A00DCA175 /* Release */ = {
			isa = XCBuildConfiguration;
			buildSettings = {
				ASSETCATALOG_COMPILER_APPICON_NAME = AppIcon;
				ASSETCATALOG_COMPILER_GLOBAL_ACCENT_COLOR_NAME = AccentColor;
				CODE_SIGN_STYLE = Automatic;
				CURRENT_PROJECT_VERSION = 1;
				DEVELOPMENT_ASSET_PATHS = "\"Sample_01/Preview Content\"";
				DEVELOPMENT_TEAM = 8UV3Y69NB7;
				ENABLE_PREVIEWS = YES;
				GENERATE_INFOPLIST_FILE = YES;
				INFOPLIST_KEY_UIApplicationSceneManifest_Generation = YES;
				INFOPLIST_KEY_UIApplicationSupportsIndirectInputEvents = YES;
				INFOPLIST_KEY_UILaunchScreen_Generation = YES;
				INFOPLIST_KEY_UISupportedInterfaceOrientations_iPad = "UIInterfaceOrientationPortrait UIInterfaceOrientationPortraitUpsideDown UIInterfaceOrientationLandscapeLeft UIInterfaceOrientationLandscapeRight";
				INFOPLIST_KEY_UISupportedInterfaceOrientations_iPhone = "UIInterfaceOrientationPortrait UIInterfaceOrientationLandscapeLeft UIInterfaceOrientationLandscapeRight";
				LD_RUNPATH_SEARCH_PATHS = (
					"$(inherited)",
					"@executable_path/Frameworks",
				);
				MARKETING_VERSION = 1.0;
				PRODUCT_BUNDLE_IDENTIFIER = "gaeng2y.Sample-01";
				PRODUCT_NAME = "$(TARGET_NAME)";
				SWIFT_EMIT_LOC_STRINGS = YES;
				SWIFT_VERSION = 5.0;
				TARGETED_DEVICE_FAMILY = "1,2";
			};
			name = Release;
		};
		F0EA9ED728B9D57A00DCA175 /* Debug */ = {
			isa = XCBuildConfiguration;
			buildSettings = {
				ALWAYS_EMBED_SWIFT_STANDARD_LIBRARIES = YES;
				BUNDLE_LOADER = "$(TEST_HOST)";
				CODE_SIGN_STYLE = Automatic;
				CURRENT_PROJECT_VERSION = 1;
				DEVELOPMENT_TEAM = 8UV3Y69NB7;
				GENERATE_INFOPLIST_FILE = YES;
				IPHONEOS_DEPLOYMENT_TARGET = 15.5;
				MARKETING_VERSION = 1.0;
				PRODUCT_BUNDLE_IDENTIFIER = "gaeng2y.Sample-01Tests";
				PRODUCT_NAME = "$(TARGET_NAME)";
				SWIFT_EMIT_LOC_STRINGS = NO;
				SWIFT_VERSION = 5.0;
				TARGETED_DEVICE_FAMILY = "1,2";
				TEST_HOST = "$(BUILT_PRODUCTS_DIR)/Sample_01.app/Sample_01";
			};
			name = Debug;
		};
		F0EA9ED828B9D57A00DCA175 /* Release */ = {
			isa = XCBuildConfiguration;
			buildSettings = {
				ALWAYS_EMBED_SWIFT_STANDARD_LIBRARIES = YES;
				BUNDLE_LOADER = "$(TEST_HOST)";
				CODE_SIGN_STYLE = Automatic;
				CURRENT_PROJECT_VERSION = 1;
				DEVELOPMENT_TEAM = 8UV3Y69NB7;
				GENERATE_INFOPLIST_FILE = YES;
				IPHONEOS_DEPLOYMENT_TARGET = 15.5;
				MARKETING_VERSION = 1.0;
				PRODUCT_BUNDLE_IDENTIFIER = "gaeng2y.Sample-01Tests";
				PRODUCT_NAME = "$(TARGET_NAME)";
				SWIFT_EMIT_LOC_STRINGS = NO;
				SWIFT_VERSION = 5.0;
				TARGETED_DEVICE_FAMILY = "1,2";
				TEST_HOST = "$(BUILT_PRODUCTS_DIR)/Sample_01.app/Sample_01";
			};
			name = Release;
		};
		F0EA9EDA28B9D57A00DCA175 /* Debug */ = {
			isa = XCBuildConfiguration;
			buildSettings = {
				ALWAYS_EMBED_SWIFT_STANDARD_LIBRARIES = YES;
				CODE_SIGN_STYLE = Automatic;
				CURRENT_PROJECT_VERSION = 1;
				DEVELOPMENT_TEAM = 8UV3Y69NB7;
				GENERATE_INFOPLIST_FILE = YES;
				MARKETING_VERSION = 1.0;
				PRODUCT_BUNDLE_IDENTIFIER = "gaeng2y.Sample-01UITests";
				PRODUCT_NAME = "$(TARGET_NAME)";
				SWIFT_EMIT_LOC_STRINGS = NO;
				SWIFT_VERSION = 5.0;
				TARGETED_DEVICE_FAMILY = "1,2";
				TEST_TARGET_NAME = Sample_01;
			};
			name = Debug;
		};
		F0EA9EDB28B9D57A00DCA175 /* Release */ = {
			isa = XCBuildConfiguration;
			buildSettings = {
				ALWAYS_EMBED_SWIFT_STANDARD_LIBRARIES = YES;
				CODE_SIGN_STYLE = Automatic;
				CURRENT_PROJECT_VERSION = 1;
				DEVELOPMENT_TEAM = 8UV3Y69NB7;
				GENERATE_INFOPLIST_FILE = YES;
				MARKETING_VERSION = 1.0;
				PRODUCT_BUNDLE_IDENTIFIER = "gaeng2y.Sample-01UITests";
				PRODUCT_NAME = "$(TARGET_NAME)";
				SWIFT_EMIT_LOC_STRINGS = NO;
				SWIFT_VERSION = 5.0;
				TARGETED_DEVICE_FAMILY = "1,2";
				TEST_TARGET_NAME = Sample_01;
			};
			name = Release;
		};
/* End XCBuildConfiguration section */

/* Begin XCConfigurationList section */
		F0EA9EAA28B9D57800DCA175 /* Build configuration list for PBXProject "Sample_01" */ = {
			isa = XCConfigurationList;
			buildConfigurations = (
				F0EA9ED128B9D57A00DCA175 /* Debug */,
				F0EA9ED228B9D57A00DCA175 /* Release */,
			);
			defaultConfigurationIsVisible = 0;
			defaultConfigurationName = Release;
		};
		F0EA9ED328B9D57A00DCA175 /* Build configuration list for PBXNativeTarget "Sample_01" */ = {
			isa = XCConfigurationList;
			buildConfigurations = (
				F0EA9ED428B9D57A00DCA175 /* Debug */,
				F0EA9ED528B9D57A00DCA175 /* Release */,
			);
			defaultConfigurationIsVisible = 0;
			defaultConfigurationName = Release;
		};
		F0EA9ED628B9D57A00DCA175 /* Build configuration list for PBXNativeTarget "Sample_01Tests" */ = {
			isa = XCConfigurationList;
			buildConfigurations = (
				F0EA9ED728B9D57A00DCA175 /* Debug */,
				F0EA9ED828B9D57A00DCA175 /* Release */,
			);
			defaultConfigurationIsVisible = 0;
			defaultConfigurationName = Release;
		};
		F0EA9ED928B9D57A00DCA175 /* Build configuration list for PBXNativeTarget "Sample_01UITests" */ = {
			isa = XCConfigurationList;
			buildConfigurations = (
				F0EA9EDA28B9D57A00DCA175 /* Debug */,
				F0EA9EDB28B9D57A00DCA175 /* Release */,
			);
			defaultConfigurationIsVisible = 0;
			defaultConfigurationName = Release;
		};
/* End XCConfigurationList section */
	};
	rootObject = F0EA9EA728B9D57800DCA175 /* Project object */;
}
